
Microsoft Visual Studio Solution File, Format Version 12.00
# Visual Studio 14
VisualStudioVersion = 14.0.23107.0
MinimumVisualStudioVersion = 10.0.40219.1
Project("{FAE04EC0-301F-11D3-BF4B-00C04F79EFBC}") = "PMA.CrossPlatform.Droid", "PMA.CrossPlatform\PMA.CrossPlatform.Droid\PMA.CrossPlatform.Droid.csproj", "{BED9C3E2-BAFF-42A0-AB7E-1A8C24F70E6E}"
EndProject
Project("{FAE04EC0-301F-11D3-BF4B-00C04F79EFBC}") = "PMA.CrossPlatform.iOS", "PMA.CrossPlatform\PMA.CrossPlatform.iOS\PMA.CrossPlatform.iOS.csproj", "{7EC6C0AB-23AB-40BD-A5D7-FC5240293AC5}"
EndProject
Project("{FAE04EC0-301F-11D3-BF4B-00C04F79EFBC}") = "PMA.CrossPlatform", "PMA.CrossPlatform\PMA.CrossPlatform\PMA.CrossPlatform.csproj", "{EE8A3ECD-EF0D-4E4A-9326-5B499F94AF1A}"
EndProject
Global
	GlobalSection(SolutionConfigurationPlatforms) = preSolution
		Ad-Hoc|Any CPU = Ad-Hoc|Any CPU
		Ad-Hoc|ARM = Ad-Hoc|ARM
		Ad-Hoc|iPhone = Ad-Hoc|iPhone
		Ad-Hoc|iPhoneSimulator = Ad-Hoc|iPhoneSimulator
		Ad-Hoc|x64 = Ad-Hoc|x64
		Ad-Hoc|x86 = Ad-Hoc|x86
		AppStore|Any CPU = AppStore|Any CPU
		AppStore|ARM = AppStore|ARM
		AppStore|iPhone = AppStore|iPhone
		AppStore|iPhoneSimulator = AppStore|iPhoneSimulator
		AppStore|x64 = AppStore|x64
		AppStore|x86 = AppStore|x86
		Debug|Any CPU = Debug|Any CPU
		Debug|ARM = Debug|ARM
		Debug|iPhone = Debug|iPhone
		Debug|iPhoneSimulator = Debug|iPhoneSimulator
		Debug|x64 = Debug|x64
		Debug|x86 = Debug|x86
		Release|Any CPU = Release|Any CPU
		Release|ARM = Release|ARM
		Release|iPhone = Release|iPhone
		Release|iPhoneSimulator = Release|iPhoneSimulator
		Release|x64 = Release|x64
		Release|x86 = Release|x86
	EndGlobalSection
	GlobalSection(ProjectConfigurationPlatforms) = postSolution
		{BED9C3E2-BAFF-42A0-AB7E-1A8C24F70E6E}.Ad-Hoc|Any CPU.ActiveCfg = Release|Any CPU
		{BED9C3E2-BAFF-42A0-AB7E-1A8C24F70E6E}.Ad-Hoc|Any CPU.Build.0 = Release|Any CPU
		{BED9C3E2-BAFF-42A0-AB7E-1A8C24F70E6E}.Ad-Hoc|Any CPU.Deploy.0 = Release|Any CPU
		{BED9C3E2-BAFF-42A0-AB7E-1A8C24F70E6E}.Ad-Hoc|ARM.ActiveCfg = Release|Any CPU
		{BED9C3E2-BAFF-42A0-AB7E-1A8C24F70E6E}.Ad-Hoc|ARM.Build.0 = Release|Any CPU
		{BED9C3E2-BAFF-42A0-AB7E-1A8C24F70E6E}.Ad-Hoc|ARM.Deploy.0 = Release|Any CPU
		{BED9C3E2-BAFF-42A0-AB7E-1A8C24F70E6E}.Ad-Hoc|iPhone.ActiveCfg = Release|Any CPU
		{BED9C3E2-BAFF-42A0-AB7E-1A8C24F70E6E}.Ad-Hoc|iPhone.Build.0 = Release|Any CPU
		{BED9C3E2-BAFF-42A0-AB7E-1A8C24F70E6E}.Ad-Hoc|iPhone.Deploy.0 = Release|Any CPU
		{BED9C3E2-BAFF-42A0-AB7E-1A8C24F70E6E}.Ad-Hoc|iPhoneSimulator.ActiveCfg = Release|Any CPU
		{BED9C3E2-BAFF-42A0-AB7E-1A8C24F70E6E}.Ad-Hoc|iPhoneSimulator.Build.0 = Release|Any CPU
		{BED9C3E2-BAFF-42A0-AB7E-1A8C24F70E6E}.Ad-Hoc|iPhoneSimulator.Deploy.0 = Release|Any CPU
		{BED9C3E2-BAFF-42A0-AB7E-1A8C24F70E6E}.Ad-Hoc|x64.ActiveCfg = Release|Any CPU
		{BED9C3E2-BAFF-42A0-AB7E-1A8C24F70E6E}.Ad-Hoc|x64.Build.0 = Release|Any CPU
		{BED9C3E2-BAFF-42A0-AB7E-1A8C24F70E6E}.Ad-Hoc|x64.Deploy.0 = Release|Any CPU
		{BED9C3E2-BAFF-42A0-AB7E-1A8C24F70E6E}.Ad-Hoc|x86.ActiveCfg = Release|Any CPU
		{BED9C3E2-BAFF-42A0-AB7E-1A8C24F70E6E}.Ad-Hoc|x86.Build.0 = Release|Any CPU
		{BED9C3E2-BAFF-42A0-AB7E-1A8C24F70E6E}.Ad-Hoc|x86.Deploy.0 = Release|Any CPU
		{BED9C3E2-BAFF-42A0-AB7E-1A8C24F70E6E}.AppStore|Any CPU.ActiveCfg = Release|Any CPU
		{BED9C3E2-BAFF-42A0-AB7E-1A8C24F70E6E}.AppStore|Any CPU.Build.0 = Release|Any CPU
		{BED9C3E2-BAFF-42A0-AB7E-1A8C24F70E6E}.AppStore|Any CPU.Deploy.0 = Release|Any CPU
		{BED9C3E2-BAFF-42A0-AB7E-1A8C24F70E6E}.AppStore|ARM.ActiveCfg = Release|Any CPU
		{BED9C3E2-BAFF-42A0-AB7E-1A8C24F70E6E}.AppStore|ARM.Build.0 = Release|Any CPU
		{BED9C3E2-BAFF-42A0-AB7E-1A8C24F70E6E}.AppStore|ARM.Deploy.0 = Release|Any CPU
		{BED9C3E2-BAFF-42A0-AB7E-1A8C24F70E6E}.AppStore|iPhone.ActiveCfg = Release|Any CPU
		{BED9C3E2-BAFF-42A0-AB7E-1A8C24F70E6E}.AppStore|iPhone.Build.0 = Release|Any CPU
		{BED9C3E2-BAFF-42A0-AB7E-1A8C24F70E6E}.AppStore|iPhone.Deploy.0 = Release|Any CPU
		{BED9C3E2-BAFF-42A0-AB7E-1A8C24F70E6E}.AppStore|iPhoneSimulator.ActiveCfg = Release|Any CPU
		{BED9C3E2-BAFF-42A0-AB7E-1A8C24F70E6E}.AppStore|iPhoneSimulator.Build.0 = Release|Any CPU
		{BED9C3E2-BAFF-42A0-AB7E-1A8C24F70E6E}.AppStore|iPhoneSimulator.Deploy.0 = Release|Any CPU
		{BED9C3E2-BAFF-42A0-AB7E-1A8C24F70E6E}.AppStore|x64.ActiveCfg = Release|Any CPU
		{BED9C3E2-BAFF-42A0-AB7E-1A8C24F70E6E}.AppStore|x64.Build.0 = Release|Any CPU
		{BED9C3E2-BAFF-42A0-AB7E-1A8C24F70E6E}.AppStore|x64.Deploy.0 = Release|Any CPU
		{BED9C3E2-BAFF-42A0-AB7E-1A8C24F70E6E}.AppStore|x86.ActiveCfg = Release|Any CPU
		{BED9C3E2-BAFF-42A0-AB7E-1A8C24F70E6E}.AppStore|x86.Build.0 = Release|Any CPU
		{BED9C3E2-BAFF-42A0-AB7E-1A8C24F70E6E}.AppStore|x86.Deploy.0 = Release|Any CPU
		{BED9C3E2-BAFF-42A0-AB7E-1A8C24F70E6E}.Debug|Any CPU.ActiveCfg = Debug|Any CPU
		{BED9C3E2-BAFF-42A0-AB7E-1A8C24F70E6E}.Debug|Any CPU.Build.0 = Debug|Any CPU
		{BED9C3E2-BAFF-42A0-AB7E-1A8C24F70E6E}.Debug|Any CPU.Deploy.0 = Debug|Any CPU
		{BED9C3E2-BAFF-42A0-AB7E-1A8C24F70E6E}.Debug|ARM.ActiveCfg = Debug|Any CPU
		{BED9C3E2-BAFF-42A0-AB7E-1A8C24F70E6E}.Debug|ARM.Build.0 = Debug|Any CPU
		{BED9C3E2-BAFF-42A0-AB7E-1A8C24F70E6E}.Debug|ARM.Deploy.0 = Debug|Any CPU
		{BED9C3E2-BAFF-42A0-AB7E-1A8C24F70E6E}.Debug|iPhone.ActiveCfg = Debug|Any CPU
		{BED9C3E2-BAFF-42A0-AB7E-1A8C24F70E6E}.Debug|iPhone.Build.0 = Debug|Any CPU
		{BED9C3E2-BAFF-42A0-AB7E-1A8C24F70E6E}.Debug|iPhone.Deploy.0 = Debug|Any CPU
		{BED9C3E2-BAFF-42A0-AB7E-1A8C24F70E6E}.Debug|iPhoneSimulator.ActiveCfg = Debug|Any CPU
		{BED9C3E2-BAFF-42A0-AB7E-1A8C24F70E6E}.Debug|iPhoneSimulator.Build.0 = Debug|Any CPU
		{BED9C3E2-BAFF-42A0-AB7E-1A8C24F70E6E}.Debug|iPhoneSimulator.Deploy.0 = Debug|Any CPU
		{BED9C3E2-BAFF-42A0-AB7E-1A8C24F70E6E}.Debug|x64.ActiveCfg = Debug|Any CPU
		{BED9C3E2-BAFF-42A0-AB7E-1A8C24F70E6E}.Debug|x64.Build.0 = Debug|Any CPU
		{BED9C3E2-BAFF-42A0-AB7E-1A8C24F70E6E}.Debug|x64.Deploy.0 = Debug|Any CPU
		{BED9C3E2-BAFF-42A0-AB7E-1A8C24F70E6E}.Debug|x86.ActiveCfg = Debug|Any CPU
		{BED9C3E2-BAFF-42A0-AB7E-1A8C24F70E6E}.Debug|x86.Build.0 = Debug|Any CPU
		{BED9C3E2-BAFF-42A0-AB7E-1A8C24F70E6E}.Debug|x86.Deploy.0 = Debug|Any CPU
		{BED9C3E2-BAFF-42A0-AB7E-1A8C24F70E6E}.Release|Any CPU.ActiveCfg = Release|Any CPU
		{BED9C3E2-BAFF-42A0-AB7E-1A8C24F70E6E}.Release|Any CPU.Build.0 = Release|Any CPU
		{BED9C3E2-BAFF-42A0-AB7E-1A8C24F70E6E}.Release|Any CPU.Deploy.0 = Release|Any CPU
		{BED9C3E2-BAFF-42A0-AB7E-1A8C24F70E6E}.Release|ARM.ActiveCfg = Release|Any CPU
		{BED9C3E2-BAFF-42A0-AB7E-1A8C24F70E6E}.Release|ARM.Build.0 = Release|Any CPU
		{BED9C3E2-BAFF-42A0-AB7E-1A8C24F70E6E}.Release|ARM.Deploy.0 = Release|Any CPU
		{BED9C3E2-BAFF-42A0-AB7E-1A8C24F70E6E}.Release|iPhone.ActiveCfg = Release|Any CPU
		{BED9C3E2-BAFF-42A0-AB7E-1A8C24F70E6E}.Release|iPhone.Build.0 = Release|Any CPU
		{BED9C3E2-BAFF-42A0-AB7E-1A8C24F70E6E}.Release|iPhone.Deploy.0 = Release|Any CPU
		{BED9C3E2-BAFF-42A0-AB7E-1A8C24F70E6E}.Release|iPhoneSimulator.ActiveCfg = Release|Any CPU
		{BED9C3E2-BAFF-42A0-AB7E-1A8C24F70E6E}.Release|iPhoneSimulator.Build.0 = Release|Any CPU
		{BED9C3E2-BAFF-42A0-AB7E-1A8C24F70E6E}.Release|iPhoneSimulator.Deploy.0 = Release|Any CPU
		{BED9C3E2-BAFF-42A0-AB7E-1A8C24F70E6E}.Release|x64.ActiveCfg = Release|Any CPU
		{BED9C3E2-BAFF-42A0-AB7E-1A8C24F70E6E}.Release|x64.Build.0 = Release|Any CPU
		{BED9C3E2-BAFF-42A0-AB7E-1A8C24F70E6E}.Release|x64.Deploy.0 = Release|Any CPU
		{BED9C3E2-BAFF-42A0-AB7E-1A8C24F70E6E}.Release|x86.ActiveCfg = Release|Any CPU
		{BED9C3E2-BAFF-42A0-AB7E-1A8C24F70E6E}.Release|x86.Build.0 = Release|Any CPU
		{BED9C3E2-BAFF-42A0-AB7E-1A8C24F70E6E}.Release|x86.Deploy.0 = Release|Any CPU
		{7EC6C0AB-23AB-40BD-A5D7-FC5240293AC5}.Ad-Hoc|Any CPU.ActiveCfg = Ad-Hoc|iPhone
		{7EC6C0AB-23AB-40BD-A5D7-FC5240293AC5}.Ad-Hoc|ARM.ActiveCfg = Ad-Hoc|iPhone
		{7EC6C0AB-23AB-40BD-A5D7-FC5240293AC5}.Ad-Hoc|iPhone.ActiveCfg = Ad-Hoc|iPhone
		{7EC6C0AB-23AB-40BD-A5D7-FC5240293AC5}.Ad-Hoc|iPhone.Build.0 = Ad-Hoc|iPhone
		{7EC6C0AB-23AB-40BD-A5D7-FC5240293AC5}.Ad-Hoc|iPhoneSimulator.ActiveCfg = Ad-Hoc|iPhoneSimulator
		{7EC6C0AB-23AB-40BD-A5D7-FC5240293AC5}.Ad-Hoc|iPhoneSimulator.Build.0 = Ad-Hoc|iPhoneSimulator
		{7EC6C0AB-23AB-40BD-A5D7-FC5240293AC5}.Ad-Hoc|x64.ActiveCfg = Ad-Hoc|iPhone
		{7EC6C0AB-23AB-40BD-A5D7-FC5240293AC5}.Ad-Hoc|x86.ActiveCfg = Ad-Hoc|iPhone
		{7EC6C0AB-23AB-40BD-A5D7-FC5240293AC5}.AppStore|Any CPU.ActiveCfg = AppStore|iPhone
		{7EC6C0AB-23AB-40BD-A5D7-FC5240293AC5}.AppStore|ARM.ActiveCfg = AppStore|iPhone
		{7EC6C0AB-23AB-40BD-A5D7-FC5240293AC5}.AppStore|iPhone.ActiveCfg = AppStore|iPhone
		{7EC6C0AB-23AB-40BD-A5D7-FC5240293AC5}.AppStore|iPhone.Build.0 = AppStore|iPhone
		{7EC6C0AB-23AB-40BD-A5D7-FC5240293AC5}.AppStore|iPhoneSimulator.ActiveCfg = AppStore|iPhoneSimulator
		{7EC6C0AB-23AB-40BD-A5D7-FC5240293AC5}.AppStore|iPhoneSimulator.Build.0 = AppStore|iPhoneSimulator
		{7EC6C0AB-23AB-40BD-A5D7-FC5240293AC5}.AppStore|x64.ActiveCfg = AppStore|iPhone
		{7EC6C0AB-23AB-40BD-A5D7-FC5240293AC5}.AppStore|x86.ActiveCfg = AppStore|iPhone
		{7EC6C0AB-23AB-40BD-A5D7-FC5240293AC5}.Debug|Any CPU.ActiveCfg = Debug|iPhone
		{7EC6C0AB-23AB-40BD-A5D7-FC5240293AC5}.Debug|ARM.ActiveCfg = Debug|iPhone
		{7EC6C0AB-23AB-40BD-A5D7-FC5240293AC5}.Debug|iPhone.ActiveCfg = Debug|iPhone
		{7EC6C0AB-23AB-40BD-A5D7-FC5240293AC5}.Debug|iPhone.Build.0 = Debug|iPhone
		{7EC6C0AB-23AB-40BD-A5D7-FC5240293AC5}.Debug|iPhoneSimulator.ActiveCfg = Debug|iPhoneSimulator
		{7EC6C0AB-23AB-40BD-A5D7-FC5240293AC5}.Debug|iPhoneSimulator.Build.0 = Debug|iPhoneSimulator
		{7EC6C0AB-23AB-40BD-A5D7-FC5240293AC5}.Debug|x64.ActiveCfg = Debug|iPhone
		{7EC6C0AB-23AB-40BD-A5D7-FC5240293AC5}.Debug|x86.ActiveCfg = Debug|iPhone
		{7EC6C0AB-23AB-40BD-A5D7-FC5240293AC5}.Release|Any CPU.ActiveCfg = Release|iPhone
		{7EC6C0AB-23AB-40BD-A5D7-FC5240293AC5}.Release|ARM.ActiveCfg = Release|iPhone
		{7EC6C0AB-23AB-40BD-A5D7-FC5240293AC5}.Release|iPhone.ActiveCfg = Release|iPhone
		{7EC6C0AB-23AB-40BD-A5D7-FC5240293AC5}.Release|iPhone.Build.0 = Release|iPhone
		{7EC6C0AB-23AB-40BD-A5D7-FC5240293AC5}.Release|iPhoneSimulator.ActiveCfg = Release|iPhoneSimulator
		{7EC6C0AB-23AB-40BD-A5D7-FC5240293AC5}.Release|iPhoneSimulator.Build.0 = Release|iPhoneSimulator
		{7EC6C0AB-23AB-40BD-A5D7-FC5240293AC5}.Release|x64.ActiveCfg = Release|iPhone
		{7EC6C0AB-23AB-40BD-A5D7-FC5240293AC5}.Release|x86.ActiveCfg = Release|iPhone
		{EE8A3ECD-EF0D-4E4A-9326-5B499F94AF1A}.Ad-Hoc|Any CPU.ActiveCfg = Release|Any CPU
		{EE8A3ECD-EF0D-4E4A-9326-5B499F94AF1A}.Ad-Hoc|Any CPU.Build.0 = Release|Any CPU
		{EE8A3ECD-EF0D-4E4A-9326-5B499F94AF1A}.Ad-Hoc|ARM.ActiveCfg = Release|Any CPU
		{EE8A3ECD-EF0D-4E4A-9326-5B499F94AF1A}.Ad-Hoc|ARM.Build.0 = Release|Any CPU
		{EE8A3ECD-EF0D-4E4A-9326-5B499F94AF1A}.Ad-Hoc|iPhone.ActiveCfg = Release|Any CPU
		{EE8A3ECD-EF0D-4E4A-9326-5B499F94AF1A}.Ad-Hoc|iPhone.Build.0 = Release|Any CPU
		{EE8A3ECD-EF0D-4E4A-9326-5B499F94AF1A}.Ad-Hoc|iPhoneSimulator.ActiveCfg = Release|Any CPU
		{EE8A3ECD-EF0D-4E4A-9326-5B499F94AF1A}.Ad-Hoc|iPhoneSimulator.Build.0 = Release|Any CPU
		{EE8A3ECD-EF0D-4E4A-9326-5B499F94AF1A}.Ad-Hoc|x64.ActiveCfg = Release|Any CPU
		{EE8A3ECD-EF0D-4E4A-9326-5B499F94AF1A}.Ad-Hoc|x64.Build.0 = Release|Any CPU
		{EE8A3ECD-EF0D-4E4A-9326-5B499F94AF1A}.Ad-Hoc|x86.ActiveCfg = Release|Any CPU
		{EE8A3ECD-EF0D-4E4A-9326-5B499F94AF1A}.Ad-Hoc|x86.Build.0 = Release|Any CPU
		{EE8A3ECD-EF0D-4E4A-9326-5B499F94AF1A}.AppStore|Any CPU.ActiveCfg = Release|Any CPU
		{EE8A3ECD-EF0D-4E4A-9326-5B499F94AF1A}.AppStore|Any CPU.Build.0 = Release|Any CPU
		{EE8A3ECD-EF0D-4E4A-9326-5B499F94AF1A}.AppStore|ARM.ActiveCfg = Release|Any CPU
		{EE8A3ECD-EF0D-4E4A-9326-5B499F94AF1A}.AppStore|ARM.Build.0 = Release|Any CPU
		{EE8A3ECD-EF0D-4E4A-9326-5B499F94AF1A}.AppStore|iPhone.ActiveCfg = Release|Any CPU
		{EE8A3ECD-EF0D-4E4A-9326-5B499F94AF1A}.AppStore|iPhone.Build.0 = Release|Any CPU
		{EE8A3ECD-EF0D-4E4A-9326-5B499F94AF1A}.AppStore|iPhoneSimulator.ActiveCfg = Release|Any CPU
		{EE8A3ECD-EF0D-4E4A-9326-5B499F94AF1A}.AppStore|iPhoneSimulator.Build.0 = Release|Any CPU
		{EE8A3ECD-EF0D-4E4A-9326-5B499F94AF1A}.AppStore|x64.ActiveCfg = Release|Any CPU
		{EE8A3ECD-EF0D-4E4A-9326-5B499F94AF1A}.AppStore|x64.Build.0 = Release|Any CPU
		{EE8A3ECD-EF0D-4E4A-9326-5B499F94AF1A}.AppStore|x86.ActiveCfg = Release|Any CPU
		{EE8A3ECD-EF0D-4E4A-9326-5B499F94AF1A}.AppStore|x86.Build.0 = Release|Any CPU
		{EE8A3ECD-EF0D-4E4A-9326-5B499F94AF1A}.Debug|Any CPU.ActiveCfg = Debug|Any CPU
		{EE8A3ECD-EF0D-4E4A-9326-5B499F94AF1A}.Debug|Any CPU.Build.0 = Debug|Any CPU
		{EE8A3ECD-EF0D-4E4A-9326-5B499F94AF1A}.Debug|ARM.ActiveCfg = Debug|Any CPU
		{EE8A3ECD-EF0D-4E4A-9326-5B499F94AF1A}.Debug|ARM.Build.0 = Debug|Any CPU
		{EE8A3ECD-EF0D-4E4A-9326-5B499F94AF1A}.Debug|iPhone.ActiveCfg = Debug|Any CPU
		{EE8A3ECD-EF0D-4E4A-9326-5B499F94AF1A}.Debug|iPhone.Build.0 = Debug|Any CPU
		{EE8A3ECD-EF0D-4E4A-9326-5B499F94AF1A}.Debug|iPhoneSimulator.ActiveCfg = Debug|Any CPU
		{EE8A3ECD-EF0D-4E4A-9326-5B499F94AF1A}.Debug|iPhoneSimulator.Build.0 = Debug|Any CPU
		{EE8A3ECD-EF0D-4E4A-9326-5B499F94AF1A}.Debug|x64.ActiveCfg = Debug|Any CPU
		{EE8A3ECD-EF0D-4E4A-9326-5B499F94AF1A}.Debug|x64.Build.0 = Debug|Any CPU
		{EE8A3ECD-EF0D-4E4A-9326-5B499F94AF1A}.Debug|x86.ActiveCfg = Debug|Any CPU
		{EE8A3ECD-EF0D-4E4A-9326-5B499F94AF1A}.Debug|x86.Build.0 = Debug|Any CPU
		{EE8A3ECD-EF0D-4E4A-9326-5B499F94AF1A}.Release|Any CPU.ActiveCfg = Release|Any CPU
		{EE8A3ECD-EF0D-4E4A-9326-5B499F94AF1A}.Release|Any CPU.Build.0 = Release|Any CPU
		{EE8A3ECD-EF0D-4E4A-9326-5B499F94AF1A}.Release|ARM.ActiveCfg = Release|Any CPU
		{EE8A3ECD-EF0D-4E4A-9326-5B499F94AF1A}.Release|ARM.Build.0 = Release|Any CPU
		{EE8A3ECD-EF0D-4E4A-9326-5B499F94AF1A}.Release|iPhone.ActiveCfg = Release|Any CPU
		{EE8A3ECD-EF0D-4E4A-9326-5B499F94AF1A}.Release|iPhone.Build.0 = Release|Any CPU
		{EE8A3ECD-EF0D-4E4A-9326-5B499F94AF1A}.Release|iPhoneSimulator.ActiveCfg = Release|Any CPU
		{EE8A3ECD-EF0D-4E4A-9326-5B499F94AF1A}.Release|iPhoneSimulator.Build.0 = Release|Any CPU
		{EE8A3ECD-EF0D-4E4A-9326-5B499F94AF1A}.Release|x64.ActiveCfg = Release|Any CPU
		{EE8A3ECD-EF0D-4E4A-9326-5B499F94AF1A}.Release|x64.Build.0 = Release|Any CPU
		{EE8A3ECD-EF0D-4E4A-9326-5B499F94AF1A}.Release|x86.ActiveCfg = Release|Any CPU
		{EE8A3ECD-EF0D-4E4A-9326-5B499F94AF1A}.Release|x86.Build.0 = Release|Any CPU
	EndGlobalSection
	GlobalSection(SolutionProperties) = preSolution
		HideSolutionNode = FALSE
	EndGlobalSection
EndGlobal
